
Microsoft Visual Studio Solution File, Format Version 12.00
# Visual Studio Version 16
VisualStudioVersion = 16.0.30011.22
MinimumVisualStudioVersion = 10.0.40219.1
Project("{FAE04EC0-301F-11D3-BF4B-00C04F79EFBC}") = "Asqyou", "Asqyou\Asqyou.csproj", "{EAFA09A8-9B2B-4866-9DA5-761F917E66BE}"
EndProject
Global
	GlobalSection(SolutionConfigurationPlatforms) = preSolution
		Debug|Any CPU = Debug|Any CPU
		Release|Any CPU = Release|Any CPU
	EndGlobalSection
	GlobalSection(ProjectConfigurationPlatforms) = postSolution
		{EAFA09A8-9B2B-4866-9DA5-761F917E66BE}.Debug|Any CPU.ActiveCfg = Debug|Any CPU
		{EAFA09A8-9B2B-4866-9DA5-761F917E66BE}.Debug|Any CPU.Build.0 = Debug|Any CPU
		{EAFA09A8-9B2B-4866-9DA5-761F917E66BE}.Release|Any CPU.ActiveCfg = Release|Any CPU
		{EAFA09A8-9B2B-4866-9DA5-761F917E66BE}.Release|Any CPU.Build.0 = Release|Any CPU
	EndGlobalSection
	GlobalSection(SolutionProperties) = preSolution
		HideSolutionNode = FALSE
	EndGlobalSection
	GlobalSection(ExtensibilityGlobals) = postSolution
		SolutionGuid = {802CE35D-9D84-412E-9785-ECF12D38733C}
	EndGlobalSection
EndGlobal
